{
    "name": "nanda-blog",
    "version": "0.0.1",
    "lockfileVersion": 2,
    "requires": true,
    "packages": {
        "": {
            "name": "nanda-blog",
            "version": "0.0.1",
            "dependencies": {
                "skeleton-sass-official": "latest"
            }
        },
        "node_modules/normalize-scss": {
            "version": "7.0.1",
            "resolved": "https://registry.npmjs.org/normalize-scss/-/normalize-scss-7.0.1.tgz",
            "integrity": "sha512-qj16bWnYs+9/ac29IgGjySg4R5qQTp1lXfm7ApFOZNVBYFY8RZ3f8+XQNDDLHeDtI3Ba7Jj4+LuPgz9v/fne2A==",
            "peer": true
        },
        "node_modules/skeleton-sass-official": {
            "version": "4.0.0",
            "resolved": "https://registry.npmjs.org/skeleton-sass-official/-/skeleton-sass-official-4.0.0.tgz",
            "integrity": "sha512-rJrnKeft3lFstg2l9IA+uttJZX/ccIsxAuJgClq4X05/yAJ5sr+STgZgRjL9byhODqJvlkOP68uhb/LDFn3PCw==",
            "peerDependencies": {
                "normalize-scss": "^7.0.1"
            }
        }
    },
    "dependencies": {
        "normalize-scss": {
            "version": "7.0.1",
            "resolved": "https://registry.npmjs.org/normalize-scss/-/normalize-scss-7.0.1.tgz",
            "integrity": "sha512-qj16bWnYs+9/ac29IgGjySg4R5qQTp1lXfm7ApFOZNVBYFY8RZ3f8+XQNDDLHeDtI3Ba7Jj4+LuPgz9v/fne2A==",
            "peer": true
        },
        "skeleton-sass-official": {
            "version": "4.0.0",
            "resolved": "https://registry.npmjs.org/skeleton-sass-official/-/skeleton-sass-official-4.0.0.tgz",
            "integrity": "sha512-rJrnKeft3lFstg2l9IA+uttJZX/ccIsxAuJgClq4X05/yAJ5sr+STgZgRjL9byhODqJvlkOP68uhb/LDFn3PCw==",
            "requires": {}
        }
    }
}
